
Microsoft Visual Studio Solution File, Format Version 12.00
# Visual Studio Version 16
VisualStudioVersion = 16.0.29519.87
MinimumVisualStudioVersion = 10.0.40219.1
Project("{9A19103F-16F7-4668-BE54-9A1E7A4F7556}") = "PulsarcInstaller", "PulsarcInstaller\PulsarcInstaller\PulsarcInstaller.csproj", "{9F3B2270-E1DC-45F7-9467-D8FEF9E3E2C4}"
EndProject
Project("{9A19103F-16F7-4668-BE54-9A1E7A4F7556}") = "PulsarcInstaller.Desktop", "PulsarcInstaller\PulsarcInstaller.Desktop\PulsarcInstaller.Desktop.csproj", "{78903043-C7BE-4E8E-8157-F5A620717D5E}"
EndProject
Global
	GlobalSection(SolutionConfigurationPlatforms) = preSolution
		Debug|Any CPU = Debug|Any CPU
		Release|Any CPU = Release|Any CPU
	EndGlobalSection
	GlobalSection(ProjectConfigurationPlatforms) = postSolution
		{9F3B2270-E1DC-45F7-9467-D8FEF9E3E2C4}.Debug|Any CPU.ActiveCfg = Debug|Any CPU
		{9F3B2270-E1DC-45F7-9467-D8FEF9E3E2C4}.Debug|Any CPU.Build.0 = Debug|Any CPU
		{9F3B2270-E1DC-45F7-9467-D8FEF9E3E2C4}.Release|Any CPU.ActiveCfg = Release|Any CPU
		{9F3B2270-E1DC-45F7-9467-D8FEF9E3E2C4}.Release|Any CPU.Build.0 = Release|Any CPU
		{78903043-C7BE-4E8E-8157-F5A620717D5E}.Debug|Any CPU.ActiveCfg = Debug|Any CPU
		{78903043-C7BE-4E8E-8157-F5A620717D5E}.Debug|Any CPU.Build.0 = Debug|Any CPU
		{78903043-C7BE-4E8E-8157-F5A620717D5E}.Release|Any CPU.ActiveCfg = Release|Any CPU
		{78903043-C7BE-4E8E-8157-F5A620717D5E}.Release|Any CPU.Build.0 = Release|Any CPU
	EndGlobalSection
	GlobalSection(SolutionProperties) = preSolution
		HideSolutionNode = FALSE
	EndGlobalSection
	GlobalSection(ExtensibilityGlobals) = postSolution
		SolutionGuid = {DBCA8F75-E6ED-4914-B343-D6AF60E9F210}
	EndGlobalSection
EndGlobal
